
Microsoft Visual Studio Solution File, Format Version 12.00
# Visual Studio Version 16
VisualStudioVersion = 16.0.30011.22
MinimumVisualStudioVersion = 10.0.40219.1
Project("{FAE04EC0-301F-11D3-BF4B-00C04F79EFBC}") = "Domain", "Domain\Domain.csproj", "{DAC13A45-674D-48CC-A409-1CBAA73D1ABF}"
EndProject
Project("{FAE04EC0-301F-11D3-BF4B-00C04F79EFBC}") = "Persistence", "Persistence\Persistence.csproj", "{8CD28A50-E1E4-41EB-998B-938C8032D149}"
EndProject
Project("{FAE04EC0-301F-11D3-BF4B-00C04F79EFBC}") = "Application", "Application\Application.csproj", "{CCE3633D-B80F-49AD-B104-9297C1DF6AD8}"
EndProject
Project("{FAE04EC0-301F-11D3-BF4B-00C04F79EFBC}") = "API", "API\API.csproj", "{2E806FD7-7ABC-452A-A970-8BED825267F4}"
EndProject
Global
	GlobalSection(SolutionConfigurationPlatforms) = preSolution
		Debug|Any CPU = Debug|Any CPU
		Release|Any CPU = Release|Any CPU
	EndGlobalSection
	GlobalSection(ProjectConfigurationPlatforms) = postSolution
		{DAC13A45-674D-48CC-A409-1CBAA73D1ABF}.Debug|Any CPU.ActiveCfg = Debug|Any CPU
		{DAC13A45-674D-48CC-A409-1CBAA73D1ABF}.Debug|Any CPU.Build.0 = Debug|Any CPU
		{DAC13A45-674D-48CC-A409-1CBAA73D1ABF}.Release|Any CPU.ActiveCfg = Release|Any CPU
		{DAC13A45-674D-48CC-A409-1CBAA73D1ABF}.Release|Any CPU.Build.0 = Release|Any CPU
		{8CD28A50-E1E4-41EB-998B-938C8032D149}.Debug|Any CPU.ActiveCfg = Debug|Any CPU
		{8CD28A50-E1E4-41EB-998B-938C8032D149}.Debug|Any CPU.Build.0 = Debug|Any CPU
		{8CD28A50-E1E4-41EB-998B-938C8032D149}.Release|Any CPU.ActiveCfg = Release|Any CPU
		{8CD28A50-E1E4-41EB-998B-938C8032D149}.Release|Any CPU.Build.0 = Release|Any CPU
		{CCE3633D-B80F-49AD-B104-9297C1DF6AD8}.Debug|Any CPU.ActiveCfg = Debug|Any CPU
		{CCE3633D-B80F-49AD-B104-9297C1DF6AD8}.Debug|Any CPU.Build.0 = Debug|Any CPU
		{CCE3633D-B80F-49AD-B104-9297C1DF6AD8}.Release|Any CPU.ActiveCfg = Release|Any CPU
		{CCE3633D-B80F-49AD-B104-9297C1DF6AD8}.Release|Any CPU.Build.0 = Release|Any CPU
		{2E806FD7-7ABC-452A-A970-8BED825267F4}.Debug|Any CPU.ActiveCfg = Debug|Any CPU
		{2E806FD7-7ABC-452A-A970-8BED825267F4}.Debug|Any CPU.Build.0 = Debug|Any CPU
		{2E806FD7-7ABC-452A-A970-8BED825267F4}.Release|Any CPU.ActiveCfg = Release|Any CPU
		{2E806FD7-7ABC-452A-A970-8BED825267F4}.Release|Any CPU.Build.0 = Release|Any CPU
	EndGlobalSection
	GlobalSection(SolutionProperties) = preSolution
		HideSolutionNode = FALSE
	EndGlobalSection
	GlobalSection(ExtensibilityGlobals) = postSolution
		SolutionGuid = {EDC871AA-DD96-4F58-95C7-EB8507CF6F28}
	EndGlobalSection
EndGlobal
